PODS:
  - Alertift (4.1.1)
  - AmazonFreeRTOS (1.1.0):
    - AWSIoT
  - AWSCore (2.12.7)
  - AWSIoT (2.12.7):
    - AWSCore (= 2.12.7)
  - LicensePlist (2.13.0)
  - SwiftFormat/CLI (0.44.2)
  - SwiftLint (0.39.1)

DEPENDENCIES:
  - Alertift
  - AmazonFreeRTOS (from `../../`)
  - LicensePlist
  - SwiftFormat/CLI
  - SwiftLint

SPEC REPOS:
  trunk:
    - Alertift
    - AWSCore
    - AWSIoT
    - LicensePlist
    - SwiftFormat
    - SwiftLint

EXTERNAL SOURCES:
  AmazonFreeRTOS:
    :path: "../../"

SPEC CHECKSUMS:
  Alertift: 950483ca193717cc8bb508a7dbbe34f4af321daf
  AmazonFreeRTOS: f5facf4419113ff8c5af6054795cfc293acb933d
  AWSCore: 2f0f88ae94a63a198274d683c7d0e18709d7090b
  AWSIoT: 7e6bc2899c38ef93d7a2f7db933fef26d74d8c8e
  LicensePlist: a5395002c74b45c38bb8661374f5608534f0f5a7
  SwiftFormat: 53968b5cc5d466727e796f789fa9be6c38da34cb
  SwiftLint: 55e96a4a4d537d4a3156859fc1c54bd24851a046

PODFILE CHECKSUM: ba5eb70daec1f99ac80eea10248c6b597ff4bbc5

COCOAPODS: 1.8.4
